// !$*UTF8*$!
{
	archiveVersion = 1;
	classes = {
	};
	objectVersion = 48;
	objects = {

/* Begin PBXBuildFile section */
		F531E289EA8E2FD58B3D5AA0 /* Pods_EGx.framework in Frameworks */ = {isa = PBXBuildFile; fileRef = 294202D5F8AF89A2639A116A /* Pods_EGx.framework */; };
		F58C7042201336AF00CDBC98 /* AppDelegate.swift in Sources */ = {isa = PBXBuildFile; fileRef = F58C7041201336AF00CDBC98 /* AppDelegate.swift */; };
		F58C7046201336AF00CDBC98 /* Assets.xcassets in Resources */ = {isa = PBXBuildFile; fileRef = F58C7045201336AF00CDBC98 /* Assets.xcassets */; };
		F58C7049201336AF00CDBC98 /* Main.storyboard in Resources */ = {isa = PBXBuildFile; fileRef = F58C7047201336AF00CDBC98 /* Main.storyboard */; };
		F58C705220133B9700CDBC98 /* MainSplitViewController.swift in Sources */ = {isa = PBXBuildFile; fileRef = F58C705120133B9700CDBC98 /* MainSplitViewController.swift */; };
		F58C70542013425500CDBC98 /* AppMenuViewController.swift in Sources */ = {isa = PBXBuildFile; fileRef = F58C70532013425500CDBC98 /* AppMenuViewController.swift */; };
		F58C70572013467500CDBC98 /* NSColorExt.swift in Sources */ = {isa = PBXBuildFile; fileRef = F58C70562013467500CDBC98 /* NSColorExt.swift */; };
		F58C705A20134AF200CDBC98 /* DashBoardViewController.swift in Sources */ = {isa = PBXBuildFile; fileRef = F58C705820134AF200CDBC98 /* DashBoardViewController.swift */; };
		F58C705D20134B0800CDBC98 /* NSViewExt.swift in Sources */ = {isa = PBXBuildFile; fileRef = F58C705C20134B0800CDBC98 /* NSViewExt.swift */; };
		F5DEEE6F2018E22A00F3E5C2 /* Label.swift in Sources */ = {isa = PBXBuildFile; fileRef = F5DEEE6E2018E22A00F3E5C2 /* Label.swift */; };
		F5E442BE2016278A00D26283 /* Navigator.swift in Sources */ = {isa = PBXBuildFile; fileRef = F5E442BD2016278A00D26283 /* Navigator.swift */; };
		F5E442C02016284000D26283 /* NSStoryBoard+.swift in Sources */ = {isa = PBXBuildFile; fileRef = F5E442BF2016284000D26283 /* NSStoryBoard+.swift */; };
		F5E442C220162C7D00D26283 /* GitLabService.swift in Sources */ = {isa = PBXBuildFile; fileRef = F5E442C120162C7D00D26283 /* GitLabService.swift */; };
		F5E442C420162EFF00D26283 /* String+.swift in Sources */ = {isa = PBXBuildFile; fileRef = F5E442C320162EFF00D26283 /* String+.swift */; };
		F5E442C62016340000D26283 /* Moya+rx.swift in Sources */ = {isa = PBXBuildFile; fileRef = F5E442C52016340000D26283 /* Moya+rx.swift */; };
		F5E442C8201637AC00D26283 /* Base.swift in Sources */ = {isa = PBXBuildFile; fileRef = F5E442C7201637AC00D26283 /* Base.swift */; };
		F5E442CA2016385D00D26283 /* User.swift in Sources */ = {isa = PBXBuildFile; fileRef = F5E442C92016385D00D26283 /* User.swift */; };
		F5E442CC2016396800D26283 /* Mapper+.swift in Sources */ = {isa = PBXBuildFile; fileRef = F5E442CB2016396800D26283 /* Mapper+.swift */; };
		F5E442CE20163C8400D26283 /* Date+.swift in Sources */ = {isa = PBXBuildFile; fileRef = F5E442CD20163C8400D26283 /* Date+.swift */; };
/* End PBXBuildFile section */

/* Begin PBXFileReference section */
		294202D5F8AF89A2639A116A /* Pods_EGx.framework */ = {isa = PBXFileReference; explicitFileType = wrapper.framework; includeInIndex = 0; path = Pods_EGx.framework; sourceTree = BUILT_PRODUCTS_DIR; };
		381446136AAC094D378E5888 /* Pods-EGx.debug.xcconfig */ = {isa = PBXFileReference; includeInIndex = 1; lastKnownFileType = text.xcconfig; name = "Pods-EGx.debug.xcconfig"; path = "Pods/Target Support Files/Pods-EGx/Pods-EGx.debug.xcconfig"; sourceTree = "<group>"; };
		D259566FE1D10713201FE058 /* Pods-EGx.release.xcconfig */ = {isa = PBXFileReference; includeInIndex = 1; lastKnownFileType = text.xcconfig; name = "Pods-EGx.release.xcconfig"; path = "Pods/Target Support Files/Pods-EGx/Pods-EGx.release.xcconfig"; sourceTree = "<group>"; };
		F58C703E201336AF00CDBC98 /* EGx.app */ = {isa = PBXFileReference; explicitFileType = wrapper.application; includeInIndex = 0; path = EGx.app; sourceTree = BUILT_PRODUCTS_DIR; };
		F58C7041201336AF00CDBC98 /* AppDelegate.swift */ = {isa = PBXFileReference; lastKnownFileType = sourcecode.swift; path = AppDelegate.swift; sourceTree = "<group>"; };
		F58C7045201336AF00CDBC98 /* Assets.xcassets */ = {isa = PBXFileReference; lastKnownFileType = folder.assetcatalog; path = Assets.xcassets; sourceTree = "<group>"; };
		F58C7048201336AF00CDBC98 /* Base */ = {isa = PBXFileReference; lastKnownFileType = file.storyboard; name = Base; path = Base.lproj/Main.storyboard; sourceTree = "<group>"; };
		F58C704A201336AF00CDBC98 /* Info.plist */ = {isa = PBXFileReference; lastKnownFileType = text.plist.xml; path = Info.plist; sourceTree = "<group>"; };
		F58C704B201336AF00CDBC98 /* EGx.entitlements */ = {isa = PBXFileReference; lastKnownFileType = text.plist.entitlements; path = EGx.entitlements; sourceTree = "<group>"; };
		F58C705120133B9700CDBC98 /* MainSplitViewController.swift */ = {isa = PBXFileReference; lastKnownFileType = sourcecode.swift; path = MainSplitViewController.swift; sourceTree = "<group>"; };
		F58C70532013425500CDBC98 /* AppMenuViewController.swift */ = {isa = PBXFileReference; lastKnownFileType = sourcecode.swift; path = AppMenuViewController.swift; sourceTree = "<group>"; };
		F58C70562013467500CDBC98 /* NSColorExt.swift */ = {isa = PBXFileReference; lastKnownFileType = sourcecode.swift; path = NSColorExt.swift; sourceTree = "<group>"; };
		F58C705820134AF200CDBC98 /* DashBoardViewController.swift */ = {isa = PBXFileReference; lastKnownFileType = sourcecode.swift; path = DashBoardViewController.swift; sourceTree = "<group>"; };
		F58C705C20134B0800CDBC98 /* NSViewExt.swift */ = {isa = PBXFileReference; lastKnownFileType = sourcecode.swift; path = NSViewExt.swift; sourceTree = "<group>"; };
		F5DEEE6E2018E22A00F3E5C2 /* Label.swift */ = {isa = PBXFileReference; lastKnownFileType = sourcecode.swift; path = Label.swift; sourceTree = "<group>"; };
		F5E442BD2016278A00D26283 /* Navigator.swift */ = {isa = PBXFileReference; lastKnownFileType = sourcecode.swift; path = Navigator.swift; sourceTree = "<group>"; };
		F5E442BF2016284000D26283 /* NSStoryBoard+.swift */ = {isa = PBXFileReference; lastKnownFileType = sourcecode.swift; path = "NSStoryBoard+.swift"; sourceTree = "<group>"; };
		F5E442C120162C7D00D26283 /* GitLabService.swift */ = {isa = PBXFileReference; lastKnownFileType = sourcecode.swift; path = GitLabService.swift; sourceTree = "<group>"; };
		F5E442C320162EFF00D26283 /* String+.swift */ = {isa = PBXFileReference; lastKnownFileType = sourcecode.swift; path = "String+.swift"; sourceTree = "<group>"; };
		F5E442C52016340000D26283 /* Moya+rx.swift */ = {isa = PBXFileReference; lastKnownFileType = sourcecode.swift; path = "Moya+rx.swift"; sourceTree = "<group>"; };
		F5E442C7201637AC00D26283 /* Base.swift */ = {isa = PBXFileReference; lastKnownFileType = sourcecode.swift; path = Base.swift; sourceTree = "<group>"; };
		F5E442C92016385D00D26283 /* User.swift */ = {isa = PBXFileReference; lastKnownFileType = sourcecode.swift; path = User.swift; sourceTree = "<group>"; };
		F5E442CB2016396800D26283 /* Mapper+.swift */ = {isa = PBXFileReference; lastKnownFileType = sourcecode.swift; path = "Mapper+.swift"; sourceTree = "<group>"; };
		F5E442CD20163C8400D26283 /* Date+.swift */ = {isa = PBXFileReference; lastKnownFileType = sourcecode.swift; path = "Date+.swift"; sourceTree = "<group>"; };
/* End PBXFileReference section */

/* Begin PBXFrameworksBuildPhase section */
		F58C703B201336AF00CDBC98 /* Frameworks */ = {
			isa = PBXFrameworksBuildPhase;
			buildActionMask = 2147483647;
			files = (
				F531E289EA8E2FD58B3D5AA0 /* Pods_EGx.framework in Frameworks */,
			);
			runOnlyForDeploymentPostprocessing = 0;
		};
/* End PBXFrameworksBuildPhase section */

/* Begin PBXGroup section */
		BCBEA16A9EB1EBFC3DB0C947 /* Frameworks */ = {
			isa = PBXGroup;
			children = (
				294202D5F8AF89A2639A116A /* Pods_EGx.framework */,
			);
			name = Frameworks;
			sourceTree = "<group>";
		};
		F58C7035201336AF00CDBC98 = {
			isa = PBXGroup;
			children = (
				F58C7040201336AF00CDBC98 /* EGx */,
				F58C703F201336AF00CDBC98 /* Products */,
				FADEED316EEDDAC8A156B764 /* Pods */,
				BCBEA16A9EB1EBFC3DB0C947 /* Frameworks */,
			);
			sourceTree = "<group>";
		};
		F58C703F201336AF00CDBC98 /* Products */ = {
			isa = PBXGroup;
			children = (
				F58C703E201336AF00CDBC98 /* EGx.app */,
			);
			name = Products;
			sourceTree = "<group>";
		};
		F58C7040201336AF00CDBC98 /* EGx */ = {
			isa = PBXGroup;
			children = (
				F5E442B62016252D00D26283 /* Assets */,
				F5E442B82016254F00D26283 /* API */,
				F5E442B92016255A00D26283 /* Extensions */,
				F5E442B72016253A00D26283 /* Models */,
				F5E442BA201625E700D26283 /* View Controllers */,
				F58C7041201336AF00CDBC98 /* AppDelegate.swift */,
				F5E442BD2016278A00D26283 /* Navigator.swift */,
			);
			path = EGx;
			sourceTree = "<group>";
		};
		F5E442B62016252D00D26283 /* Assets */ = {
			isa = PBXGroup;
			children = (
				F58C7045201336AF00CDBC98 /* Assets.xcassets */,
				F58C704A201336AF00CDBC98 /* Info.plist */,
				F58C7047201336AF00CDBC98 /* Main.storyboard */,
				F58C704B201336AF00CDBC98 /* EGx.entitlements */,
			);
			path = Assets;
			sourceTree = "<group>";
		};
		F5E442B72016253A00D26283 /* Models */ = {
			isa = PBXGroup;
			children = (
				F5E442C7201637AC00D26283 /* Base.swift */,
				F5E442C92016385D00D26283 /* User.swift */,
			);
			path = Models;
			sourceTree = "<group>";
		};
		F5E442B82016254F00D26283 /* API */ = {
			isa = PBXGroup;
			children = (
				F5E442C120162C7D00D26283 /* GitLabService.swift */,
			);
			path = API;
			sourceTree = "<group>";
		};
		F5E442B92016255A00D26283 /* Extensions */ = {
			isa = PBXGroup;
			children = (
				F58C70562013467500CDBC98 /* NSColorExt.swift */,
				F58C705C20134B0800CDBC98 /* NSViewExt.swift */,
				F5E442BF2016284000D26283 /* NSStoryBoard+.swift */,
				F5E442C320162EFF00D26283 /* String+.swift */,
				F5E442C52016340000D26283 /* Moya+rx.swift */,
				F5E442CB2016396800D26283 /* Mapper+.swift */,
				F5E442CD20163C8400D26283 /* Date+.swift */,
				F5DEEE6E2018E22A00F3E5C2 /* Label.swift */,
			);
			path = Extensions;
			sourceTree = "<group>";
		};
		F5E442BA201625E700D26283 /* View Controllers */ = {
			isa = PBXGroup;
			children = (
				F5E442BC2016261F00D26283 /* DashBoard */,
				F5E442BB2016260600D26283 /* AppMenu */,
				F58C705120133B9700CDBC98 /* MainSplitViewController.swift */,
			);
			path = "View Controllers";
			sourceTree = "<group>";
		};
		F5E442BB2016260600D26283 /* AppMenu */ = {
			isa = PBXGroup;
			children = (
				F58C70532013425500CDBC98 /* AppMenuViewController.swift */,
			);
			path = AppMenu;
			sourceTree = "<group>";
		};
		F5E442BC2016261F00D26283 /* DashBoard */ = {
			isa = PBXGroup;
			children = (
				F58C705820134AF200CDBC98 /* DashBoardViewController.swift */,
			);
			path = DashBoard;
			sourceTree = "<group>";
		};
		FADEED316EEDDAC8A156B764 /* Pods */ = {
			isa = PBXGroup;
			children = (
				381446136AAC094D378E5888 /* Pods-EGx.debug.xcconfig */,
				D259566FE1D10713201FE058 /* Pods-EGx.release.xcconfig */,
			);
			name = Pods;
			sourceTree = "<group>";
		};
/* End PBXGroup section */

/* Begin PBXNativeTarget section */
		F58C703D201336AF00CDBC98 /* EGx */ = {
			isa = PBXNativeTarget;
			buildConfigurationList = F58C704E201336AF00CDBC98 /* Build configuration list for PBXNativeTarget "EGx" */;
			buildPhases = (
				E92F5F34B33E1CCBB1B91E9C /* [CP] Check Pods Manifest.lock */,
				F58C703A201336AF00CDBC98 /* Sources */,
				F58C703B201336AF00CDBC98 /* Frameworks */,
				F58C703C201336AF00CDBC98 /* Resources */,
				3F7DBEC75DEFCAD7B77A0B92 /* [CP] Embed Pods Frameworks */,
				69C8C3A12FAA9117C4D666CD /* [CP] Copy Pods Resources */,
			);
			buildRules = (
			);
			dependencies = (
			);
			name = EGx;
			productName = EGx;
			productReference = F58C703E201336AF00CDBC98 /* EGx.app */;
			productType = "com.apple.product-type.application";
		};
/* End PBXNativeTarget section */

/* Begin PBXProject section */
		F58C7036201336AF00CDBC98 /* Project object */ = {
			isa = PBXProject;
			attributes = {
				LastSwiftUpdateCheck = 0920;
				LastUpgradeCheck = 0920;
				ORGANIZATIONNAME = "少";
				TargetAttributes = {
					F58C703D201336AF00CDBC98 = {
						CreatedOnToolsVersion = 9.2;
						ProvisioningStyle = Automatic;
					};
				};
			};
			buildConfigurationList = F58C7039201336AF00CDBC98 /* Build configuration list for PBXProject "EGx" */;
			compatibilityVersion = "Xcode 8.0";
			developmentRegion = en;
			hasScannedForEncodings = 0;
			knownRegions = (
				en,
				Base,
			);
			mainGroup = F58C7035201336AF00CDBC98;
			productRefGroup = F58C703F201336AF00CDBC98 /* Products */;
			projectDirPath = "";
			projectRoot = "";
			targets = (
				F58C703D201336AF00CDBC98 /* EGx */,
			);
		};
/* End PBXProject section */

/* Begin PBXResourcesBuildPhase section */
		F58C703C201336AF00CDBC98 /* Resources */ = {
			isa = PBXResourcesBuildPhase;
			buildActionMask = 2147483647;
			files = (
				F58C7046201336AF00CDBC98 /* Assets.xcassets in Resources */,
				F58C7049201336AF00CDBC98 /* Main.storyboard in Resources */,
			);
			runOnlyForDeploymentPostprocessing = 0;
		};
/* End PBXResourcesBuildPhase section */

/* Begin PBXShellScriptBuildPhase section */
		3F7DBEC75DEFCAD7B77A0B92 /* [CP] Embed Pods Frameworks */ = {
			isa = PBXShellScriptBuildPhase;
			buildActionMask = 2147483647;
			files = (
			);
			inputPaths = (
				"${SRCROOT}/Pods/Target Support Files/Pods-EGx/Pods-EGx-frameworks.sh",
				"${BUILT_PRODUCTS_DIR}/Alamofire/Alamofire.framework",
				"${BUILT_PRODUCTS_DIR}/Kingfisher/Kingfisher.framework",
				"${BUILT_PRODUCTS_DIR}/Moya/Moya.framework",
				"${BUILT_PRODUCTS_DIR}/ObjectMapper/ObjectMapper.framework",
				"${BUILT_PRODUCTS_DIR}/Reachability/Reachability.framework",
				"${BUILT_PRODUCTS_DIR}/Realm/Realm.framework",
				"${BUILT_PRODUCTS_DIR}/RealmSwift/RealmSwift.framework",
				"${BUILT_PRODUCTS_DIR}/Result/Result.framework",
				"${BUILT_PRODUCTS_DIR}/RxCocoa/RxCocoa.framework",
				"${BUILT_PRODUCTS_DIR}/RxRealm/RxRealm.framework",
				"${BUILT_PRODUCTS_DIR}/RxSwift/RxSwift.framework",
				"${BUILT_PRODUCTS_DIR}/SnapKit/SnapKit.framework",
				"${BUILT_PRODUCTS_DIR}/SwiftyJSON/SwiftyJSON.framework",
				"${BUILT_PRODUCTS_DIR}/Then/Then.framework",
			);
			name = "[CP] Embed Pods Frameworks";
			outputPaths = (
				"${TARGET_BUILD_DIR}/${FRAMEWORKS_FOLDER_PATH}/Alamofire.framework",
				"${TARGET_BUILD_DIR}/${FRAMEWORKS_FOLDER_PATH}/Kingfisher.framework",
				"${TARGET_BUILD_DIR}/${FRAMEWORKS_FOLDER_PATH}/Moya.framework",
				"${TARGET_BUILD_DIR}/${FRAMEWORKS_FOLDER_PATH}/ObjectMapper.framework",
				"${TARGET_BUILD_DIR}/${FRAMEWORKS_FOLDER_PATH}/Reachability.framework",
				"${TARGET_BUILD_DIR}/${FRAMEWORKS_FOLDER_PATH}/Realm.framework",
				"${TARGET_BUILD_DIR}/${FRAMEWORKS_FOLDER_PATH}/RealmSwift.framework",
				"${TARGET_BUILD_DIR}/${FRAMEWORKS_FOLDER_PATH}/Result.framework",
				"${TARGET_BUILD_DIR}/${FRAMEWORKS_FOLDER_PATH}/RxCocoa.framework",
				"${TARGET_BUILD_DIR}/${FRAMEWORKS_FOLDER_PATH}/RxRealm.framework",
				"${TARGET_BUILD_DIR}/${FRAMEWORKS_FOLDER_PATH}/RxSwift.framework",
				"${TARGET_BUILD_DIR}/${FRAMEWORKS_FOLDER_PATH}/SnapKit.framework",
				"${TARGET_BUILD_DIR}/${FRAMEWORKS_FOLDER_PATH}/SwiftyJSON.framework",
				"${TARGET_BUILD_DIR}/${FRAMEWORKS_FOLDER_PATH}/Then.framework",
			);
			runOnlyForDeploymentPostprocessing = 0;
			shellPath = /bin/sh;
			shellScript = "\"${SRCROOT}/Pods/Target Support Files/Pods-EGx/Pods-EGx-frameworks.sh\"\n";
			showEnvVarsInLog = 0;
		};
		69C8C3A12FAA9117C4D666CD /* [CP] Copy Pods Resources */ = {
			isa = PBXShellScriptBuildPhase;
			buildActionMask = 2147483647;
			files = (
			);
			inputPaths = (
			);
			name = "[CP] Copy Pods Resources";
			outputPaths = (
			);
			runOnlyForDeploymentPostprocessing = 0;
			shellPath = /bin/sh;
			shellScript = "\"${SRCROOT}/Pods/Target Support Files/Pods-EGx/Pods-EGx-resources.sh\"\n";
			showEnvVarsInLog = 0;
		};
		E92F5F34B33E1CCBB1B91E9C /* [CP] Check Pods Manifest.lock */ = {
			isa = PBXShellScriptBuildPhase;
			buildActionMask = 2147483647;
			files = (
			);
			inputPaths = (
				"${PODS_PODFILE_DIR_PATH}/Podfile.lock",
				"${PODS_ROOT}/Manifest.lock",
			);
			name = "[CP] Check Pods Manifest.lock";
			outputPaths = (
				"$(DERIVED_FILE_DIR)/Pods-EGx-checkManifestLockResult.txt",
			);
			runOnlyForDeploymentPostprocessing = 0;
			shellPath = /bin/sh;
			shellScript = "diff \"${PODS_PODFILE_DIR_PATH}/Podfile.lock\" \"${PODS_ROOT}/Manifest.lock\" > /dev/null\nif [ $? != 0 ] ; then\n    # print error to STDERR\n    echo \"error: The sandbox is not in sync with the Podfile.lock. Run 'pod install' or update your CocoaPods installation.\" >&2\n    exit 1\nfi\n# This output is used by Xcode 'outputs' to avoid re-running this script phase.\necho \"SUCCESS\" > \"${SCRIPT_OUTPUT_FILE_0}\"\n";
			showEnvVarsInLog = 0;
		};
/* End PBXShellScriptBuildPhase section */

/* Begin PBXSourcesBuildPhase section */
		F58C703A201336AF00CDBC98 /* Sources */ = {
			isa = PBXSourcesBuildPhase;
			buildActionMask = 2147483647;
			files = (
				F5E442CA2016385D00D26283 /* User.swift in Sources */,
				F5E442BE2016278A00D26283 /* Navigator.swift in Sources */,
				F58C705A20134AF200CDBC98 /* DashBoardViewController.swift in Sources */,
				F5E442C420162EFF00D26283 /* String+.swift in Sources */,
				F58C70572013467500CDBC98 /* NSColorExt.swift in Sources */,
				F5E442C62016340000D26283 /* Moya+rx.swift in Sources */,
				F5DEEE6F2018E22A00F3E5C2 /* Label.swift in Sources */,
				F5E442C02016284000D26283 /* NSStoryBoard+.swift in Sources */,
				F58C7042201336AF00CDBC98 /* AppDelegate.swift in Sources */,
				F5E442C220162C7D00D26283 /* GitLabService.swift in Sources */,
				F5E442C8201637AC00D26283 /* Base.swift in Sources */,
				F5E442CC2016396800D26283 /* Mapper+.swift in Sources */,
				F58C705D20134B0800CDBC98 /* NSViewExt.swift in Sources */,
				F5E442CE20163C8400D26283 /* Date+.swift in Sources */,
				F58C705220133B9700CDBC98 /* MainSplitViewController.swift in Sources */,
				F58C70542013425500CDBC98 /* AppMenuViewController.swift in Sources */,
			);
			runOnlyForDeploymentPostprocessing = 0;
		};
/* End PBXSourcesBuildPhase section */

/* Begin PBXVariantGroup section */
		F58C7047201336AF00CDBC98 /* Main.storyboard */ = {
			isa = PBXVariantGroup;
			children = (
				F58C7048201336AF00CDBC98 /* Base */,
			);
			name = Main.storyboard;
			sourceTree = "<group>";
		};
/* End PBXVariantGroup section */

/* Begin XCBuildConfiguration section */
		F58C704C201336AF00CDBC98 /* Debug */ = {
			isa = XCBuildConfiguration;
			buildSettings = {
				ALWAYS_SEARCH_USER_PATHS = NO;
				CLANG_ANALYZER_NONNULL = YES;
				CLANG_ANALYZER_NUMBER_OBJECT_CONVERSION = YES_AGGRESSIVE;
				CLANG_CXX_LANGUAGE_STANDARD = "gnu++14";
				CLANG_CXX_LIBRARY = "libc++";
				CLANG_ENABLE_MODULES = YES;
				CLANG_ENABLE_OBJC_ARC = YES;
				CLANG_WARN_BLOCK_CAPTURE_AUTORELEASING = YES;
				CLANG_WARN_BOOL_CONVERSION = YES;
				CLANG_WARN_COMMA = YES;
				CLANG_WARN_CONSTANT_CONVERSION = YES;
				CLANG_WARN_DIRECT_OBJC_ISA_USAGE = YES_ERROR;
				CLANG_WARN_DOCUMENTATION_COMMENTS = YES;
				CLANG_WARN_EMPTY_BODY = YES;
				CLANG_WARN_ENUM_CONVERSION = YES;
				CLANG_WARN_INFINITE_RECURSION = YES;
				CLANG_WARN_INT_CONVERSION = YES;
				CLANG_WARN_NON_LITERAL_NULL_CONVERSION = YES;
				CLANG_WARN_OBJC_LITERAL_CONVERSION = YES;
				CLANG_WARN_OBJC_ROOT_CLASS = YES_ERROR;
				CLANG_WARN_RANGE_LOOP_ANALYSIS = YES;
				CLANG_WARN_STRICT_PROTOTYPES = YES;
				CLANG_WARN_SUSPICIOUS_MOVE = YES;
				CLANG_WARN_UNGUARDED_AVAILABILITY = YES_AGGRESSIVE;
				CLANG_WARN_UNREACHABLE_CODE = YES;
				CLANG_WARN__DUPLICATE_METHOD_MATCH = YES;
				CODE_SIGN_IDENTITY = "Mac Developer";
				COPY_PHASE_STRIP = NO;
				DEBUG_INFORMATION_FORMAT = dwarf;
				ENABLE_STRICT_OBJC_MSGSEND = YES;
				ENABLE_TESTABILITY = YES;
				GCC_C_LANGUAGE_STANDARD = gnu11;
				GCC_DYNAMIC_NO_PIC = NO;
				GCC_NO_COMMON_BLOCKS = YES;
				GCC_OPTIMIZATION_LEVEL = 0;
				GCC_PREPROCESSOR_DEFINITIONS = (
					"DEBUG=1",
					"$(inherited)",
				);
				GCC_WARN_64_TO_32_BIT_CONVERSION = YES;
				GCC_WARN_ABOUT_RETURN_TYPE = YES_ERROR;
				GCC_WARN_UNDECLARED_SELECTOR = YES;
				GCC_WARN_UNINITIALIZED_AUTOS = YES_AGGRESSIVE;
				GCC_WARN_UNUSED_FUNCTION = YES;
				GCC_WARN_UNUSED_VARIABLE = YES;
				MACOSX_DEPLOYMENT_TARGET = 10.13;
				MTL_ENABLE_DEBUG_INFO = YES;
				ONLY_ACTIVE_ARCH = YES;
				SDKROOT = macosx;
				SWIFT_ACTIVE_COMPILATION_CONDITIONS = DEBUG;
				SWIFT_OPTIMIZATION_LEVEL = "-Onone";
			};
			name = Debug;
		};
		F58C704D201336AF00CDBC98 /* Release */ = {
			isa = XCBuildConfiguration;
			buildSettings = {
				ALWAYS_SEARCH_USER_PATHS = NO;
				CLANG_ANALYZER_NONNULL = YES;
				CLANG_ANALYZER_NUMBER_OBJECT_CONVERSION = YES_AGGRESSIVE;
				CLANG_CXX_LANGUAGE_STANDARD = "gnu++14";
				CLANG_CXX_LIBRARY = "libc++";
				CLANG_ENABLE_MODULES = YES;
				CLANG_ENABLE_OBJC_ARC = YES;
				CLANG_WARN_BLOCK_CAPTURE_AUTORELEASING = YES;
				CLANG_WARN_BOOL_CONVERSION = YES;
				CLANG_WARN_COMMA = YES;
				CLANG_WARN_CONSTANT_CONVERSION = YES;
				CLANG_WARN_DIRECT_OBJC_ISA_USAGE = YES_ERROR;
				CLANG_WARN_DOCUMENTATION_COMMENTS = YES;
				CLANG_WARN_EMPTY_BODY = YES;
				CLANG_WARN_ENUM_CONVERSION = YES;
				CLANG_WARN_INFINITE_RECURSION = YES;
				CLANG_WARN_INT_CONVERSION = YES;
				CLANG_WARN_NON_LITERAL_NULL_CONVERSION = YES;
				CLANG_WARN_OBJC_LITERAL_CONVERSION = YES;
				CLANG_WARN_OBJC_ROOT_CLASS = YES_ERROR;
				CLANG_WARN_RANGE_LOOP_ANALYSIS = YES;
				CLANG_WARN_STRICT_PROTOTYPES = YES;
				CLANG_WARN_SUSPICIOUS_MOVE = YES;
				CLANG_WARN_UNGUARDED_AVAILABILITY = YES_AGGRESSIVE;
				CLANG_WARN_UNREACHABLE_CODE = YES;
				CLANG_WARN__DUPLICATE_METHOD_MATCH = YES;
				CODE_SIGN_IDENTITY = "Mac Developer";
				COPY_PHASE_STRIP = NO;
				DEBUG_INFORMATION_FORMAT = "dwarf-with-dsym";
				ENABLE_NS_ASSERTIONS = NO;
				ENABLE_STRICT_OBJC_MSGSEND = YES;
				GCC_C_LANGUAGE_STANDARD = gnu11;
				GCC_NO_COMMON_BLOCKS = YES;
				GCC_WARN_64_TO_32_BIT_CONVERSION = YES;
				GCC_WARN_ABOUT_RETURN_TYPE = YES_ERROR;
				GCC_WARN_UNDECLARED_SELECTOR = YES;
				GCC_WARN_UNINITIALIZED_AUTOS = YES_AGGRESSIVE;
				GCC_WARN_UNUSED_FUNCTION = YES;
				GCC_WARN_UNUSED_VARIABLE = YES;
				MACOSX_DEPLOYMENT_TARGET = 10.13;
				MTL_ENABLE_DEBUG_INFO = NO;
				SDKROOT = macosx;
				SWIFT_OPTIMIZATION_LEVEL = "-Owholemodule";
			};
			name = Release;
		};
		F58C704F201336AF00CDBC98 /* Debug */ = {
			isa = XCBuildConfiguration;
			baseConfigurationReference = 381446136AAC094D378E5888 /* Pods-EGx.debug.xcconfig */;
			buildSettings = {
				ASSETCATALOG_COMPILER_APPICON_NAME = AppIcon;
				CODE_SIGN_ENTITLEMENTS = EGx/EGx.entitlements;
				CODE_SIGN_STYLE = Automatic;
				COMBINE_HIDPI_IMAGES = YES;
				DEVELOPMENT_TEAM = 3RD23MG297;
				INFOPLIST_FILE = EGx/Assets/Info.plist;
				LD_RUNPATH_SEARCH_PATHS = "$(inherited) @executable_path/../Frameworks";
				PRODUCT_BUNDLE_IDENTIFIER = oi.town.EGx;
				PRODUCT_NAME = "$(TARGET_NAME)";
				SWIFT_VERSION = 4.0;
			};
			name = Debug;
		};
		F58C7050201336AF00CDBC98 /* Release */ = {
			isa = XCBuildConfiguration;
			baseConfigurationReference = D259566FE1D10713201FE058 /* Pods-EGx.release.xcconfig */;
			buildSettings = {
				ASSETCATALOG_COMPILER_APPICON_NAME = AppIcon;
				CODE_SIGN_ENTITLEMENTS = EGx/EGx.entitlements;
				CODE_SIGN_STYLE = Automatic;
				COMBINE_HIDPI_IMAGES = YES;
				DEVELOPMENT_TEAM = 3RD23MG297;
				INFOPLIST_FILE = EGx/Assets/Info.plist;
				LD_RUNPATH_SEARCH_PATHS = "$(inherited) @executable_path/../Frameworks";
				PRODUCT_BUNDLE_IDENTIFIER = oi.town.EGx;
				PRODUCT_NAME = "$(TARGET_NAME)";
				SWIFT_VERSION = 4.0;
			};
			name = Release;
		};
/* End XCBuildConfiguration section */

/* Begin XCConfigurationList section */
		F58C7039201336AF00CDBC98 /* Build configuration list for PBXProject "EGx" */ = {
			isa = XCConfigurationList;
			buildConfigurations = (
				F58C704C201336AF00CDBC98 /* Debug */,
				F58C704D201336AF00CDBC98 /* Release */,
			);
			defaultConfigurationIsVisible = 0;
			defaultConfigurationName = Release;
		};
		F58C704E201336AF00CDBC98 /* Build configuration list for PBXNativeTarget "EGx" */ = {
			isa = XCConfigurationList;
			buildConfigurations = (
				F58C704F201336AF00CDBC98 /* Debug */,
				F58C7050201336AF00CDBC98 /* Release */,
			);
			defaultConfigurationIsVisible = 0;
			defaultConfigurationName = Release;
		};
/* End XCConfigurationList section */
	};
	rootObject = F58C7036201336AF00CDBC98 /* Project object */;
}
